
Microsoft Visual Studio Solution File, Format Version 12.00
# Visual Studio Version 16
VisualStudioVersion = 16.0.28729.10
MinimumVisualStudioVersion = 10.0.40219.1
Project("{FAE04EC0-301F-11D3-BF4B-00C04F79EFBC}") = "WebAPI", "WebAPI\WebAPI.csproj", "{415366CE-E904-4EA4-9366-E7A444BD0A55}"
EndProject
Project("{FAE04EC0-301F-11D3-BF4B-00C04F79EFBC}") = "TheraLang", "TheraLang\TheraLang.csproj", "{F99FA86D-F74F-468E-984C-16654E049425}"
EndProject
Global
	GlobalSection(SolutionConfigurationPlatforms) = preSolution
		Debug|Any CPU = Debug|Any CPU
		Release|Any CPU = Release|Any CPU
	EndGlobalSection
	GlobalSection(ProjectConfigurationPlatforms) = postSolution
		{415366CE-E904-4EA4-9366-E7A444BD0A55}.Debug|Any CPU.ActiveCfg = Debug|Any CPU
		{415366CE-E904-4EA4-9366-E7A444BD0A55}.Debug|Any CPU.Build.0 = Debug|Any CPU
		{415366CE-E904-4EA4-9366-E7A444BD0A55}.Release|Any CPU.ActiveCfg = Release|Any CPU
		{415366CE-E904-4EA4-9366-E7A444BD0A55}.Release|Any CPU.Build.0 = Release|Any CPU
		{F99FA86D-F74F-468E-984C-16654E049425}.Debug|Any CPU.ActiveCfg = Debug|Any CPU
		{F99FA86D-F74F-468E-984C-16654E049425}.Debug|Any CPU.Build.0 = Debug|Any CPU
		{F99FA86D-F74F-468E-984C-16654E049425}.Release|Any CPU.ActiveCfg = Release|Any CPU
		{F99FA86D-F74F-468E-984C-16654E049425}.Release|Any CPU.Build.0 = Release|Any CPU
	EndGlobalSection
	GlobalSection(SolutionProperties) = preSolution
		HideSolutionNode = FALSE
	EndGlobalSection
	GlobalSection(NestedProjects) = preSolution
	EndGlobalSection
	GlobalSection(ExtensibilityGlobals) = postSolution
		SolutionGuid = {CF88AA05-D127-4707-8214-A230F0DA569B}
	EndGlobalSection
EndGlobal
