
Microsoft Visual Studio Solution File, Format Version 12.00
# Visual Studio Version 16
VisualStudioVersion = 16.0.28729.10
MinimumVisualStudioVersion = 10.0.40219.1
Project("{2150E333-8FDC-42A3-9474-1A3956D46DE8}") = ".global", ".global", "{88054E40-5547-4EA5-B75E-D446E8E5A021}"
	ProjectSection(SolutionItems) = preProject
		LICENSE = LICENSE
		README.md = README.md
	EndProjectSection
EndProject
Project("{9A19103F-16F7-4668-BE54-9A1E7A4F7556}") = "TheraLang.Web", "TheraLang.Web\TheraLang.Web.csproj", "{14F9CA8A-6532-40CC-81D6-9763351AFD91}"
EndProject
Project("{9A19103F-16F7-4668-BE54-9A1E7A4F7556}") = "TheraLang.DataSeeding", "TheraLang.DataSeeding\TheraLang.DataSeeding.csproj", "{98EB6508-7993-431B-B6BA-4E9EF374F376}"
EndProject
Project("{9A19103F-16F7-4668-BE54-9A1E7A4F7556}") = "TheraLang.DAL", "TheraLang.DAL\TheraLang.DAL.csproj", "{A04A0C70-F9CA-4344-B8D5-66FB0874347D}"
EndProject
Project("{9A19103F-16F7-4668-BE54-9A1E7A4F7556}") = "TheraLang.Tests", "TheraLang.Tests\TheraLang.Tests.csproj", "{EDE1BDFC-40DE-426F-87D3-917C4370B9F6}"
EndProject
Project("{9A19103F-16F7-4668-BE54-9A1E7A4F7556}") = "TheraLang.BLL", "TheraLang.BLL\TheraLang.BLL.csproj", "{689D7B65-077E-46DF-9551-B960826F3652}"
EndProject
Global
	GlobalSection(SolutionConfigurationPlatforms) = preSolution
		Debug|Any CPU = Debug|Any CPU
		Release|Any CPU = Release|Any CPU
	EndGlobalSection
	GlobalSection(ProjectConfigurationPlatforms) = postSolution
		{14F9CA8A-6532-40CC-81D6-9763351AFD91}.Debug|Any CPU.ActiveCfg = Debug|Any CPU
		{14F9CA8A-6532-40CC-81D6-9763351AFD91}.Debug|Any CPU.Build.0 = Debug|Any CPU
		{14F9CA8A-6532-40CC-81D6-9763351AFD91}.Release|Any CPU.ActiveCfg = Release|Any CPU
		{14F9CA8A-6532-40CC-81D6-9763351AFD91}.Release|Any CPU.Build.0 = Release|Any CPU
		{98EB6508-7993-431B-B6BA-4E9EF374F376}.Debug|Any CPU.ActiveCfg = Debug|Any CPU
		{98EB6508-7993-431B-B6BA-4E9EF374F376}.Debug|Any CPU.Build.0 = Debug|Any CPU
		{98EB6508-7993-431B-B6BA-4E9EF374F376}.Release|Any CPU.ActiveCfg = Release|Any CPU
		{98EB6508-7993-431B-B6BA-4E9EF374F376}.Release|Any CPU.Build.0 = Release|Any CPU
		{A04A0C70-F9CA-4344-B8D5-66FB0874347D}.Debug|Any CPU.ActiveCfg = Debug|Any CPU
		{A04A0C70-F9CA-4344-B8D5-66FB0874347D}.Debug|Any CPU.Build.0 = Debug|Any CPU
		{A04A0C70-F9CA-4344-B8D5-66FB0874347D}.Release|Any CPU.ActiveCfg = Release|Any CPU
		{A04A0C70-F9CA-4344-B8D5-66FB0874347D}.Release|Any CPU.Build.0 = Release|Any CPU
		{EDE1BDFC-40DE-426F-87D3-917C4370B9F6}.Debug|Any CPU.ActiveCfg = Debug|Any CPU
		{EDE1BDFC-40DE-426F-87D3-917C4370B9F6}.Debug|Any CPU.Build.0 = Debug|Any CPU
		{EDE1BDFC-40DE-426F-87D3-917C4370B9F6}.Release|Any CPU.ActiveCfg = Release|Any CPU
		{EDE1BDFC-40DE-426F-87D3-917C4370B9F6}.Release|Any CPU.Build.0 = Release|Any CPU
		{689D7B65-077E-46DF-9551-B960826F3652}.Debug|Any CPU.ActiveCfg = Debug|Any CPU
		{689D7B65-077E-46DF-9551-B960826F3652}.Debug|Any CPU.Build.0 = Debug|Any CPU
		{689D7B65-077E-46DF-9551-B960826F3652}.Release|Any CPU.ActiveCfg = Release|Any CPU
		{689D7B65-077E-46DF-9551-B960826F3652}.Release|Any CPU.Build.0 = Release|Any CPU
	EndGlobalSection
	GlobalSection(SolutionProperties) = preSolution
		HideSolutionNode = FALSE
	EndGlobalSection
	GlobalSection(ExtensibilityGlobals) = postSolution
		SolutionGuid = {CF88AA05-D127-4707-8214-A230F0DA569B}
	EndGlobalSection
EndGlobal
